
Microsoft Visual Studio Solution File, Format Version 12.00
Project("{FAE04EC0-301F-11D3-BF4B-00C04F79EFBC}") = "lab3", "lab3\lab3.csproj", "{7F52DE96-5D1D-4DA4-A640-4943BCF67AD3}"
EndProject
Project("{FAE04EC0-301F-11D3-BF4B-00C04F79EFBC}") = "lab2", "lab2\lab2.csproj", "{11B29AA6-1D4E-418B-A291-2E1389564E7A}"
EndProject
Global
	GlobalSection(SolutionConfigurationPlatforms) = preSolution
		Debug|Any CPU = Debug|Any CPU
		Release|Any CPU = Release|Any CPU
	EndGlobalSection
	GlobalSection(ProjectConfigurationPlatforms) = postSolution
		{7F52DE96-5D1D-4DA4-A640-4943BCF67AD3}.Debug|Any CPU.ActiveCfg = Debug|Any CPU
		{7F52DE96-5D1D-4DA4-A640-4943BCF67AD3}.Debug|Any CPU.Build.0 = Debug|Any CPU
		{7F52DE96-5D1D-4DA4-A640-4943BCF67AD3}.Release|Any CPU.ActiveCfg = Release|Any CPU
		{7F52DE96-5D1D-4DA4-A640-4943BCF67AD3}.Release|Any CPU.Build.0 = Release|Any CPU
		{11B29AA6-1D4E-418B-A291-2E1389564E7A}.Debug|Any CPU.ActiveCfg = Debug|Any CPU
		{11B29AA6-1D4E-418B-A291-2E1389564E7A}.Debug|Any CPU.Build.0 = Debug|Any CPU
		{11B29AA6-1D4E-418B-A291-2E1389564E7A}.Release|Any CPU.ActiveCfg = Release|Any CPU
		{11B29AA6-1D4E-418B-A291-2E1389564E7A}.Release|Any CPU.Build.0 = Release|Any CPU
	EndGlobalSection
EndGlobal
